// !$*UTF8*$!
{
	archiveVersion = 1;
	classes = {
	};
	objectVersion = 51;
	objects = {

/* Begin PBXBuildFile section */
		3F05B818264487FB00664228 /* CatalogViewController.swift in Sources */ = {isa = PBXBuildFile; fileRef = 3F05B817264487FB00664228 /* CatalogViewController.swift */; };
		3F05B81B264488F500664228 /* CatalogList.swift in Sources */ = {isa = PBXBuildFile; fileRef = 3F05B81A264488F500664228 /* CatalogList.swift */; };
		3F07980A265D61E20036CE0B /* WishlistViewController.swift in Sources */ = {isa = PBXBuildFile; fileRef = 3F079809265D61E20036CE0B /* WishlistViewController.swift */; };
		3F1A4C8E2632A13600FCE7EC /* VerificationViewController.swift in Sources */ = {isa = PBXBuildFile; fileRef = 3F1A4C8D2632A13600FCE7EC /* VerificationViewController.swift */; };
		3F2347C12637225F0070A733 /* ResetPassViewController.swift in Sources */ = {isa = PBXBuildFile; fileRef = 3F2347C02637225F0070A733 /* ResetPassViewController.swift */; };
		3F2C355E2613373B00D33973 /* AppDelegate.swift in Sources */ = {isa = PBXBuildFile; fileRef = 3F2C355D2613373B00D33973 /* AppDelegate.swift */; };
		3F2C35602613373B00D33973 /* SceneDelegate.swift in Sources */ = {isa = PBXBuildFile; fileRef = 3F2C355F2613373B00D33973 /* SceneDelegate.swift */; };
		3F2C35622613373B00D33973 /* ViewController.swift in Sources */ = {isa = PBXBuildFile; fileRef = 3F2C35612613373B00D33973 /* ViewController.swift */; };
		3F2C35652613373B00D33973 /* Main.storyboard in Resources */ = {isa = PBXBuildFile; fileRef = 3F2C35632613373B00D33973 /* Main.storyboard */; };
		3F2C35672613373C00D33973 /* Assets.xcassets in Resources */ = {isa = PBXBuildFile; fileRef = 3F2C35662613373C00D33973 /* Assets.xcassets */; };
		3F2C356A2613373C00D33973 /* LaunchScreen.storyboard in Resources */ = {isa = PBXBuildFile; fileRef = 3F2C35682613373C00D33973 /* LaunchScreen.storyboard */; };
		3F2C3573261338CC00D33973 /* LoginViewController.swift in Sources */ = {isa = PBXBuildFile; fileRef = 3F2C3572261338CC00D33973 /* LoginViewController.swift */; };
		3F40DEB9264825F2007F9EDC /* CatalogCell.swift in Sources */ = {isa = PBXBuildFile; fileRef = 3F40DEB7264825F2007F9EDC /* CatalogCell.swift */; };
		3F40DEBA264825F2007F9EDC /* CatalogCell.xib in Resources */ = {isa = PBXBuildFile; fileRef = 3F40DEB8264825F2007F9EDC /* CatalogCell.xib */; };
		3F40DEBF26483EA9007F9EDC /* CategoryCell.swift in Sources */ = {isa = PBXBuildFile; fileRef = 3F40DEBD26483EA9007F9EDC /* CategoryCell.swift */; };
		3F40DEC026483EA9007F9EDC /* CategoryCell.xib in Resources */ = {isa = PBXBuildFile; fileRef = 3F40DEBE26483EA9007F9EDC /* CategoryCell.xib */; };
		3F40DEC326483EBA007F9EDC /* PopularListCell.swift in Sources */ = {isa = PBXBuildFile; fileRef = 3F40DEC126483EBA007F9EDC /* PopularListCell.swift */; };
		3F40DEC426483EBA007F9EDC /* PopularListCell.xib in Resources */ = {isa = PBXBuildFile; fileRef = 3F40DEC226483EBA007F9EDC /* PopularListCell.xib */; };
		3F42CA3C2650715F00DBD06A /* CategoryViewController.swift in Sources */ = {isa = PBXBuildFile; fileRef = 3F42CA3B2650715F00DBD06A /* CategoryViewController.swift */; };
		3F42CA41265156DB00DBD06A /* ProductCell.swift in Sources */ = {isa = PBXBuildFile; fileRef = 3F42CA3F265156DB00DBD06A /* ProductCell.swift */; };
		3F42CA42265156DB00DBD06A /* ProductCell.xib in Resources */ = {isa = PBXBuildFile; fileRef = 3F42CA40265156DB00DBD06A /* ProductCell.xib */; };
		3F7B6CCC266794EB00EB8D9E /* WishlistCell.swift in Sources */ = {isa = PBXBuildFile; fileRef = 3F7B6CCA266794EB00EB8D9E /* WishlistCell.swift */; };
		3F7B6CCD266794EB00EB8D9E /* WishlistCell.xib in Resources */ = {isa = PBXBuildFile; fileRef = 3F7B6CCB266794EB00EB8D9E /* WishlistCell.xib */; };
		3F7B6CCF2667B8FF00EB8D9E /* WishlistModel.swift in Sources */ = {isa = PBXBuildFile; fileRef = 3F7B6CCE2667B8FF00EB8D9E /* WishlistModel.swift */; };
		3F90F403262D88330071A6E9 /* RegistrationViewController.swift in Sources */ = {isa = PBXBuildFile; fileRef = 3F90F402262D88330071A6E9 /* RegistrationViewController.swift */; };
		3F9A9A2B2671F421007A9E48 /* SideMenuCell.swift in Sources */ = {isa = PBXBuildFile; fileRef = 3F9A9A292671F420007A9E48 /* SideMenuCell.swift */; };
		3F9A9A2C2671F421007A9E48 /* SideMenuCell.xib in Resources */ = {isa = PBXBuildFile; fileRef = 3F9A9A2A2671F421007A9E48 /* SideMenuCell.xib */; };
		3FAE3D9626657DA800845354 /* PopularItemsModel.swift in Sources */ = {isa = PBXBuildFile; fileRef = 3FAE3D9526657DA800845354 /* PopularItemsModel.swift */; };
		3FB8145C263C5A09007777E7 /* HomeViewController.swift in Sources */ = {isa = PBXBuildFile; fileRef = 3FB8145B263C5A09007777E7 /* HomeViewController.swift */; };
		3FDE11242649805B008F10BC /* Item.swift in Sources */ = {isa = PBXBuildFile; fileRef = 3FDE11232649805B008F10BC /* Item.swift */; };
		60992C929332D4930B5F2B1A /* Pods_smartnative.framework in Frameworks */ = {isa = PBXBuildFile; fileRef = 0390DF2B762ACE14837AA822 /* Pods_smartnative.framework */; };
/* End PBXBuildFile section */

/* Begin PBXFileReference section */
		018084775E5FC34AC71EEFEC /* Pods-smartnative.debug.xcconfig */ = {isa = PBXFileReference; includeInIndex = 1; lastKnownFileType = text.xcconfig; name = "Pods-smartnative.debug.xcconfig"; path = "Target Support Files/Pods-smartnative/Pods-smartnative.debug.xcconfig"; sourceTree = "<group>"; };
		0390DF2B762ACE14837AA822 /* Pods_smartnative.framework */ = {isa = PBXFileReference; explicitFileType = wrapper.framework; includeInIndex = 0; path = Pods_smartnative.framework; sourceTree = BUILT_PRODUCTS_DIR; };
		3F05B817264487FB00664228 /* CatalogViewController.swift */ = {isa = PBXFileReference; lastKnownFileType = sourcecode.swift; path = CatalogViewController.swift; sourceTree = "<group>"; };
		3F05B81A264488F500664228 /* CatalogList.swift */ = {isa = PBXFileReference; lastKnownFileType = sourcecode.swift; path = CatalogList.swift; sourceTree = "<group>"; };
		3F079809265D61E20036CE0B /* WishlistViewController.swift */ = {isa = PBXFileReference; lastKnownFileType = sourcecode.swift; path = WishlistViewController.swift; sourceTree = "<group>"; };
		3F1A4C8D2632A13600FCE7EC /* VerificationViewController.swift */ = {isa = PBXFileReference; lastKnownFileType = sourcecode.swift; path = VerificationViewController.swift; sourceTree = "<group>"; };
		3F2347C02637225F0070A733 /* ResetPassViewController.swift */ = {isa = PBXFileReference; lastKnownFileType = sourcecode.swift; path = ResetPassViewController.swift; sourceTree = "<group>"; };
		3F2C355A2613373B00D33973 /* smartnative.app */ = {isa = PBXFileReference; explicitFileType = wrapper.application; includeInIndex = 0; path = smartnative.app; sourceTree = BUILT_PRODUCTS_DIR; };
		3F2C355D2613373B00D33973 /* AppDelegate.swift */ = {isa = PBXFileReference; lastKnownFileType = sourcecode.swift; path = AppDelegate.swift; sourceTree = "<group>"; };
		3F2C355F2613373B00D33973 /* SceneDelegate.swift */ = {isa = PBXFileReference; lastKnownFileType = sourcecode.swift; path = SceneDelegate.swift; sourceTree = "<group>"; };
		3F2C35612613373B00D33973 /* ViewController.swift */ = {isa = PBXFileReference; lastKnownFileType = sourcecode.swift; path = ViewController.swift; sourceTree = "<group>"; };
		3F2C35642613373B00D33973 /* Base */ = {isa = PBXFileReference; lastKnownFileType = file.storyboard; name = Base; path = Base.lproj/Main.storyboard; sourceTree = "<group>"; };
		3F2C35662613373C00D33973 /* Assets.xcassets */ = {isa = PBXFileReference; lastKnownFileType = folder.assetcatalog; path = Assets.xcassets; sourceTree = "<group>"; };
		3F2C35692613373C00D33973 /* Base */ = {isa = PBXFileReference; lastKnownFileType = file.storyboard; name = Base; path = Base.lproj/LaunchScreen.storyboard; sourceTree = "<group>"; };
		3F2C356B2613373C00D33973 /* Info.plist */ = {isa = PBXFileReference; lastKnownFileType = text.plist.xml; path = Info.plist; sourceTree = "<group>"; };
		3F2C3572261338CC00D33973 /* LoginViewController.swift */ = {isa = PBXFileReference; lastKnownFileType = sourcecode.swift; path = LoginViewController.swift; sourceTree = "<group>"; };
		3F40DEB7264825F2007F9EDC /* CatalogCell.swift */ = {isa = PBXFileReference; lastKnownFileType = sourcecode.swift; path = CatalogCell.swift; sourceTree = "<group>"; };
		3F40DEB8264825F2007F9EDC /* CatalogCell.xib */ = {isa = PBXFileReference; lastKnownFileType = file.xib; path = CatalogCell.xib; sourceTree = "<group>"; };
		3F40DEBD26483EA9007F9EDC /* CategoryCell.swift */ = {isa = PBXFileReference; lastKnownFileType = sourcecode.swift; path = CategoryCell.swift; sourceTree = "<group>"; };
		3F40DEBE26483EA9007F9EDC /* CategoryCell.xib */ = {isa = PBXFileReference; lastKnownFileType = file.xib; path = CategoryCell.xib; sourceTree = "<group>"; };
		3F40DEC126483EBA007F9EDC /* PopularListCell.swift */ = {isa = PBXFileReference; lastKnownFileType = sourcecode.swift; path = PopularListCell.swift; sourceTree = "<group>"; };
		3F40DEC226483EBA007F9EDC /* PopularListCell.xib */ = {isa = PBXFileReference; lastKnownFileType = file.xib; path = PopularListCell.xib; sourceTree = "<group>"; };
		3F42CA3B2650715F00DBD06A /* CategoryViewController.swift */ = {isa = PBXFileReference; lastKnownFileType = sourcecode.swift; path = CategoryViewController.swift; sourceTree = "<group>"; };
		3F42CA3F265156DB00DBD06A /* ProductCell.swift */ = {isa = PBXFileReference; lastKnownFileType = sourcecode.swift; path = ProductCell.swift; sourceTree = "<group>"; };
		3F42CA40265156DB00DBD06A /* ProductCell.xib */ = {isa = PBXFileReference; lastKnownFileType = file.xib; path = ProductCell.xib; sourceTree = "<group>"; };
		3F7B6CCA266794EB00EB8D9E /* WishlistCell.swift */ = {isa = PBXFileReference; lastKnownFileType = sourcecode.swift; path = WishlistCell.swift; sourceTree = "<group>"; };
		3F7B6CCB266794EB00EB8D9E /* WishlistCell.xib */ = {isa = PBXFileReference; lastKnownFileType = file.xib; path = WishlistCell.xib; sourceTree = "<group>"; };
		3F7B6CCE2667B8FF00EB8D9E /* WishlistModel.swift */ = {isa = PBXFileReference; lastKnownFileType = sourcecode.swift; name = WishlistModel.swift; path = ../../../../../../WishlistModel.swift; sourceTree = "<group>"; };
		3F90F402262D88330071A6E9 /* RegistrationViewController.swift */ = {isa = PBXFileReference; lastKnownFileType = sourcecode.swift; path = RegistrationViewController.swift; sourceTree = "<group>"; };
		3F9A9A292671F420007A9E48 /* SideMenuCell.swift */ = {isa = PBXFileReference; lastKnownFileType = sourcecode.swift; name = SideMenuCell.swift; path = smartnative/View/Assets.xcassets/SideMenuCell.swift; sourceTree = SOURCE_ROOT; };
		3F9A9A2A2671F421007A9E48 /* SideMenuCell.xib */ = {isa = PBXFileReference; lastKnownFileType = file.xib; name = SideMenuCell.xib; path = smartnative/View/Assets.xcassets/SideMenuCell.xib; sourceTree = SOURCE_ROOT; };
		3FAE3D9526657DA800845354 /* PopularItemsModel.swift */ = {isa = PBXFileReference; lastKnownFileType = sourcecode.swift; path = PopularItemsModel.swift; sourceTree = "<group>"; };
		3FB8145B263C5A09007777E7 /* HomeViewController.swift */ = {isa = PBXFileReference; lastKnownFileType = sourcecode.swift; path = HomeViewController.swift; sourceTree = "<group>"; };
		3FDE11232649805B008F10BC /* Item.swift */ = {isa = PBXFileReference; lastKnownFileType = sourcecode.swift; path = Item.swift; sourceTree = "<group>"; };
		D8A7676A930377A63631620E /* Pods-smartnative.release.xcconfig */ = {isa = PBXFileReference; includeInIndex = 1; lastKnownFileType = text.xcconfig; name = "Pods-smartnative.release.xcconfig"; path = "Target Support Files/Pods-smartnative/Pods-smartnative.release.xcconfig"; sourceTree = "<group>"; };
/* End PBXFileReference section */

/* Begin PBXFrameworksBuildPhase section */
		3F2C35572613373B00D33973 /* Frameworks */ = {
			isa = PBXFrameworksBuildPhase;
			buildActionMask = 2147483647;
			files = (
				60992C929332D4930B5F2B1A /* Pods_smartnative.framework in Frameworks */,
			);
			runOnlyForDeploymentPostprocessing = 0;
		};
/* End PBXFrameworksBuildPhase section */

/* Begin PBXGroup section */
		3B41FF7902782115EEF0A30F /* Pods */ = {
			isa = PBXGroup;
			children = (
				018084775E5FC34AC71EEFEC /* Pods-smartnative.debug.xcconfig */,
				D8A7676A930377A63631620E /* Pods-smartnative.release.xcconfig */,
			);
			path = Pods;
			sourceTree = "<group>";
		};
		3F05B819264488E200664228 /* Model */ = {
			isa = PBXGroup;
			children = (
				3F05B81A264488F500664228 /* CatalogList.swift */,
				3FDE11232649805B008F10BC /* Item.swift */,
				3FAE3D9526657DA800845354 /* PopularItemsModel.swift */,
				3F7B6CCE2667B8FF00EB8D9E /* WishlistModel.swift */,
			);
			path = Model;
			sourceTree = "<group>";
		};
		3F2C35512613373B00D33973 = {
			isa = PBXGroup;
			children = (
				3F2C355C2613373B00D33973 /* smartnative */,
				3F2C355B2613373B00D33973 /* Products */,
				3B41FF7902782115EEF0A30F /* Pods */,
				A7D6E1470D91EEB3DB8A186D /* Frameworks */,
			);
			sourceTree = "<group>";
		};
		3F2C355B2613373B00D33973 /* Products */ = {
			isa = PBXGroup;
			children = (
				3F2C355A2613373B00D33973 /* smartnative.app */,
			);
			name = Products;
			sourceTree = "<group>";
		};
		3F2C355C2613373B00D33973 /* smartnative */ = {
			isa = PBXGroup;
			children = (
				3F9A9A282671F01A007A9E48 /* View */,
				3F05B819264488E200664228 /* Model */,
				3FB8145A263C59DB007777E7 /* Controllers */,
				3F2C355D2613373B00D33973 /* AppDelegate.swift */,
				3F2C355F2613373B00D33973 /* SceneDelegate.swift */,
				3F2C35612613373B00D33973 /* ViewController.swift */,
				3F2C35682613373C00D33973 /* LaunchScreen.storyboard */,
				3F2C356B2613373C00D33973 /* Info.plist */,
			);
			path = smartnative;
			sourceTree = "<group>";
		};
		3F40DEB6264825E1007F9EDC /* Cells */ = {
			isa = PBXGroup;
			children = (
				3F40DEB7264825F2007F9EDC /* CatalogCell.swift */,
				3F40DEB8264825F2007F9EDC /* CatalogCell.xib */,
				3F40DEBD26483EA9007F9EDC /* CategoryCell.swift */,
				3F40DEBE26483EA9007F9EDC /* CategoryCell.xib */,
				3F40DEC126483EBA007F9EDC /* PopularListCell.swift */,
				3F40DEC226483EBA007F9EDC /* PopularListCell.xib */,
				3F42CA3F265156DB00DBD06A /* ProductCell.swift */,
				3F42CA40265156DB00DBD06A /* ProductCell.xib */,
				3F7B6CCA266794EB00EB8D9E /* WishlistCell.swift */,
				3F7B6CCB266794EB00EB8D9E /* WishlistCell.xib */,
				3F9A9A292671F420007A9E48 /* SideMenuCell.swift */,
				3F9A9A2A2671F421007A9E48 /* SideMenuCell.xib */,
			);
			path = Cells;
			sourceTree = "<group>";
		};
		3F9A9A282671F01A007A9E48 /* View */ = {
			isa = PBXGroup;
			children = (
				3F40DEB6264825E1007F9EDC /* Cells */,
				3F2C35632613373B00D33973 /* Main.storyboard */,
				3F2C35662613373C00D33973 /* Assets.xcassets */,
			);
			path = View;
			sourceTree = "<group>";
		};
		3FB8145A263C59DB007777E7 /* Controllers */ = {
			isa = PBXGroup;
			children = (
				3F90F402262D88330071A6E9 /* RegistrationViewController.swift */,
				3F1A4C8D2632A13600FCE7EC /* VerificationViewController.swift */,
				3F2347C02637225F0070A733 /* ResetPassViewController.swift */,
				3F2C3572261338CC00D33973 /* LoginViewController.swift */,
				3FB8145B263C5A09007777E7 /* HomeViewController.swift */,
				3F05B817264487FB00664228 /* CatalogViewController.swift */,
				3F42CA3B2650715F00DBD06A /* CategoryViewController.swift */,
				3F079809265D61E20036CE0B /* WishlistViewController.swift */,
			);
			path = Controllers;
			sourceTree = "<group>";
		};
		A7D6E1470D91EEB3DB8A186D /* Frameworks */ = {
			isa = PBXGroup;
			children = (
				0390DF2B762ACE14837AA822 /* Pods_smartnative.framework */,
			);
			name = Frameworks;
			sourceTree = "<group>";
		};
/* End PBXGroup section */

/* Begin PBXNativeTarget section */
		3F2C35592613373B00D33973 /* smartnative */ = {
			isa = PBXNativeTarget;
			buildConfigurationList = 3F2C356E2613373C00D33973 /* Build configuration list for PBXNativeTarget "smartnative" */;
			buildPhases = (
				3B0364E1077F1BD436AC35C1 /* [CP] Check Pods Manifest.lock */,
				3F2C35562613373B00D33973 /* Sources */,
				3F2C35572613373B00D33973 /* Frameworks */,
				3F2C35582613373B00D33973 /* Resources */,
				C37F6E649E4359C87E42A93B /* [CP] Embed Pods Frameworks */,
			);
			buildRules = (
			);
			dependencies = (
			);
			name = smartnative;
			productName = smartnative;
			productReference = 3F2C355A2613373B00D33973 /* smartnative.app */;
			productType = "com.apple.product-type.application";
		};
/* End PBXNativeTarget section */

/* Begin PBXProject section */
		3F2C35522613373B00D33973 /* Project object */ = {
			isa = PBXProject;
			attributes = {
				LastSwiftUpdateCheck = 1240;
				LastUpgradeCheck = 1240;
				TargetAttributes = {
					3F2C35592613373B00D33973 = {
						CreatedOnToolsVersion = 12.4;
					};
				};
			};
			buildConfigurationList = 3F2C35552613373B00D33973 /* Build configuration list for PBXProject "smartnative" */;
			compatibilityVersion = "Xcode 9.3";
			developmentRegion = en;
			hasScannedForEncodings = 0;
			knownRegions = (
				en,
				Base,
			);
			mainGroup = 3F2C35512613373B00D33973;
			productRefGroup = 3F2C355B2613373B00D33973 /* Products */;
			projectDirPath = "";
			projectRoot = "";
			targets = (
				3F2C35592613373B00D33973 /* smartnative */,
			);
		};
/* End PBXProject section */

/* Begin PBXResourcesBuildPhase section */
		3F2C35582613373B00D33973 /* Resources */ = {
			isa = PBXResourcesBuildPhase;
			buildActionMask = 2147483647;
			files = (
				3F7B6CCD266794EB00EB8D9E /* WishlistCell.xib in Resources */,
				3F40DEC026483EA9007F9EDC /* CategoryCell.xib in Resources */,
				3F9A9A2C2671F421007A9E48 /* SideMenuCell.xib in Resources */,
				3F40DEC426483EBA007F9EDC /* PopularListCell.xib in Resources */,
				3F42CA42265156DB00DBD06A /* ProductCell.xib in Resources */,
				3F2C356A2613373C00D33973 /* LaunchScreen.storyboard in Resources */,
				3F2C35672613373C00D33973 /* Assets.xcassets in Resources */,
				3F2C35652613373B00D33973 /* Main.storyboard in Resources */,
				3F40DEBA264825F2007F9EDC /* CatalogCell.xib in Resources */,
			);
			runOnlyForDeploymentPostprocessing = 0;
		};
/* End PBXResourcesBuildPhase section */

/* Begin PBXShellScriptBuildPhase section */
		3B0364E1077F1BD436AC35C1 /* [CP] Check Pods Manifest.lock */ = {
			isa = PBXShellScriptBuildPhase;
			buildActionMask = 2147483647;
			files = (
			);
			inputFileListPaths = (
			);
			inputPaths = (
				"${PODS_PODFILE_DIR_PATH}/Podfile.lock",
				"${PODS_ROOT}/Manifest.lock",
			);
			name = "[CP] Check Pods Manifest.lock";
			outputFileListPaths = (
			);
			outputPaths = (
				"$(DERIVED_FILE_DIR)/Pods-smartnative-checkManifestLockResult.txt",
			);
			runOnlyForDeploymentPostprocessing = 0;
			shellPath = /bin/sh;
			shellScript = "diff \"${PODS_PODFILE_DIR_PATH}/Podfile.lock\" \"${PODS_ROOT}/Manifest.lock\" > /dev/null\nif [ $? != 0 ] ; then\n    # print error to STDERR\n    echo \"error: The sandbox is not in sync with the Podfile.lock. Run 'pod install' or update your CocoaPods installation.\" >&2\n    exit 1\nfi\n# This output is used by Xcode 'outputs' to avoid re-running this script phase.\necho \"SUCCESS\" > \"${SCRIPT_OUTPUT_FILE_0}\"\n";
			showEnvVarsInLog = 0;
		};
		C37F6E649E4359C87E42A93B /* [CP] Embed Pods Frameworks */ = {
			isa = PBXShellScriptBuildPhase;
			buildActionMask = 2147483647;
			files = (
			);
			inputFileListPaths = (
				"${PODS_ROOT}/Target Support Files/Pods-smartnative/Pods-smartnative-frameworks-${CONFIGURATION}-input-files.xcfilelist",
			);
			name = "[CP] Embed Pods Frameworks";
			outputFileListPaths = (
				"${PODS_ROOT}/Target Support Files/Pods-smartnative/Pods-smartnative-frameworks-${CONFIGURATION}-output-files.xcfilelist",
			);
			runOnlyForDeploymentPostprocessing = 0;
			shellPath = /bin/sh;
			shellScript = "\"${PODS_ROOT}/Target Support Files/Pods-smartnative/Pods-smartnative-frameworks.sh\"\n";
			showEnvVarsInLog = 0;
		};
/* End PBXShellScriptBuildPhase section */

/* Begin PBXSourcesBuildPhase section */
		3F2C35562613373B00D33973 /* Sources */ = {
			isa = PBXSourcesBuildPhase;
			buildActionMask = 2147483647;
			files = (
				3F1A4C8E2632A13600FCE7EC /* VerificationViewController.swift in Sources */,
				3F40DEB9264825F2007F9EDC /* CatalogCell.swift in Sources */,
				3F2C3573261338CC00D33973 /* LoginViewController.swift in Sources */,
				3F2C35622613373B00D33973 /* ViewController.swift in Sources */,
				3F07980A265D61E20036CE0B /* WishlistViewController.swift in Sources */,
				3F7B6CCC266794EB00EB8D9E /* WishlistCell.swift in Sources */,
				3FDE11242649805B008F10BC /* Item.swift in Sources */,
				3FB8145C263C5A09007777E7 /* HomeViewController.swift in Sources */,
				3F9A9A2B2671F421007A9E48 /* SideMenuCell.swift in Sources */,
				3F2C355E2613373B00D33973 /* AppDelegate.swift in Sources */,
				3F40DEC326483EBA007F9EDC /* PopularListCell.swift in Sources */,
				3F05B81B264488F500664228 /* CatalogList.swift in Sources */,
				3F2C35602613373B00D33973 /* SceneDelegate.swift in Sources */,
				3F42CA3C2650715F00DBD06A /* CategoryViewController.swift in Sources */,
				3F05B818264487FB00664228 /* CatalogViewController.swift in Sources */,
				3F2347C12637225F0070A733 /* ResetPassViewController.swift in Sources */,
				3F42CA41265156DB00DBD06A /* ProductCell.swift in Sources */,
				3F90F403262D88330071A6E9 /* RegistrationViewController.swift in Sources */,
				3FAE3D9626657DA800845354 /* PopularItemsModel.swift in Sources */,
				3F7B6CCF2667B8FF00EB8D9E /* WishlistModel.swift in Sources */,
				3F40DEBF26483EA9007F9EDC /* CategoryCell.swift in Sources */,
			);
			runOnlyForDeploymentPostprocessing = 0;
		};
/* End PBXSourcesBuildPhase section */

/* Begin PBXVariantGroup section */
		3F2C35632613373B00D33973 /* Main.storyboard */ = {
			isa = PBXVariantGroup;
			children = (
				3F2C35642613373B00D33973 /* Base */,
			);
			name = Main.storyboard;
			sourceTree = "<group>";
		};
		3F2C35682613373C00D33973 /* LaunchScreen.storyboard */ = {
			isa = PBXVariantGroup;
			children = (
				3F2C35692613373C00D33973 /* Base */,
			);
			name = LaunchScreen.storyboard;
			sourceTree = "<group>";
		};
/* End PBXVariantGroup section */

/* Begin XCBuildConfiguration section */
		3F2C356C2613373C00D33973 /* Debug */ = {
			isa = XCBuildConfiguration;
			buildSettings = {
				ALWAYS_SEARCH_USER_PATHS = NO;
				CLANG_ANALYZER_NONNULL = YES;
				CLANG_ANALYZER_NUMBER_OBJECT_CONVERSION = YES_AGGRESSIVE;
				CLANG_CXX_LANGUAGE_STANDARD = "gnu++14";
				CLANG_CXX_LIBRARY = "libc++";
				CLANG_ENABLE_MODULES = YES;
				CLANG_ENABLE_OBJC_ARC = YES;
				CLANG_ENABLE_OBJC_WEAK = YES;
				CLANG_WARN_BLOCK_CAPTURE_AUTORELEASING = YES;
				CLANG_WARN_BOOL_CONVERSION = YES;
				CLANG_WARN_COMMA = YES;
				CLANG_WARN_CONSTANT_CONVERSION = YES;
				CLANG_WARN_DEPRECATED_OBJC_IMPLEMENTATIONS = YES;
				CLANG_WARN_DIRECT_OBJC_ISA_USAGE = YES_ERROR;
				CLANG_WARN_DOCUMENTATION_COMMENTS = YES;
				CLANG_WARN_EMPTY_BODY = YES;
				CLANG_WARN_ENUM_CONVERSION = YES;
				CLANG_WARN_INFINITE_RECURSION = YES;
				CLANG_WARN_INT_CONVERSION = YES;
				CLANG_WARN_NON_LITERAL_NULL_CONVERSION = YES;
				CLANG_WARN_OBJC_IMPLICIT_RETAIN_SELF = YES;
				CLANG_WARN_OBJC_LITERAL_CONVERSION = YES;
				CLANG_WARN_OBJC_ROOT_CLASS = YES_ERROR;
				CLANG_WARN_QUOTED_INCLUDE_IN_FRAMEWORK_HEADER = YES;
				CLANG_WARN_RANGE_LOOP_ANALYSIS = YES;
				CLANG_WARN_STRICT_PROTOTYPES = YES;
				CLANG_WARN_SUSPICIOUS_MOVE = YES;
				CLANG_WARN_UNGUARDED_AVAILABILITY = YES_AGGRESSIVE;
				CLANG_WARN_UNREACHABLE_CODE = YES;
				CLANG_WARN__DUPLICATE_METHOD_MATCH = YES;
				COPY_PHASE_STRIP = NO;
				DEBUG_INFORMATION_FORMAT = dwarf;
				ENABLE_STRICT_OBJC_MSGSEND = YES;
				ENABLE_TESTABILITY = YES;
				GCC_C_LANGUAGE_STANDARD = gnu11;
				GCC_DYNAMIC_NO_PIC = NO;
				GCC_NO_COMMON_BLOCKS = YES;
				GCC_OPTIMIZATION_LEVEL = 0;
				GCC_PREPROCESSOR_DEFINITIONS = (
					"DEBUG=1",
					"$(inherited)",
				);
				GCC_WARN_64_TO_32_BIT_CONVERSION = YES;
				GCC_WARN_ABOUT_RETURN_TYPE = YES_ERROR;
				GCC_WARN_UNDECLARED_SELECTOR = YES;
				GCC_WARN_UNINITIALIZED_AUTOS = YES_AGGRESSIVE;
				GCC_WARN_UNUSED_FUNCTION = YES;
				GCC_WARN_UNUSED_VARIABLE = YES;
				IPHONEOS_DEPLOYMENT_TARGET = 14.4;
				MTL_ENABLE_DEBUG_INFO = INCLUDE_SOURCE;
				MTL_FAST_MATH = YES;
				ONLY_ACTIVE_ARCH = YES;
				SDKROOT = iphoneos;
				SWIFT_ACTIVE_COMPILATION_CONDITIONS = DEBUG;
				SWIFT_OPTIMIZATION_LEVEL = "-Onone";
			};
			name = Debug;
		};
		3F2C356D2613373C00D33973 /* Release */ = {
			isa = XCBuildConfiguration;
			buildSettings = {
				ALWAYS_SEARCH_USER_PATHS = NO;
				CLANG_ANALYZER_NONNULL = YES;
				CLANG_ANALYZER_NUMBER_OBJECT_CONVERSION = YES_AGGRESSIVE;
				CLANG_CXX_LANGUAGE_STANDARD = "gnu++14";
				CLANG_CXX_LIBRARY = "libc++";
				CLANG_ENABLE_MODULES = YES;
				CLANG_ENABLE_OBJC_ARC = YES;
				CLANG_ENABLE_OBJC_WEAK = YES;
				CLANG_WARN_BLOCK_CAPTURE_AUTORELEASING = YES;
				CLANG_WARN_BOOL_CONVERSION = YES;
				CLANG_WARN_COMMA = YES;
				CLANG_WARN_CONSTANT_CONVERSION = YES;
				CLANG_WARN_DEPRECATED_OBJC_IMPLEMENTATIONS = YES;
				CLANG_WARN_DIRECT_OBJC_ISA_USAGE = YES_ERROR;
				CLANG_WARN_DOCUMENTATION_COMMENTS = YES;
				CLANG_WARN_EMPTY_BODY = YES;
				CLANG_WARN_ENUM_CONVERSION = YES;
				CLANG_WARN_INFINITE_RECURSION = YES;
				CLANG_WARN_INT_CONVERSION = YES;
				CLANG_WARN_NON_LITERAL_NULL_CONVERSION = YES;
				CLANG_WARN_OBJC_IMPLICIT_RETAIN_SELF = YES;
				CLANG_WARN_OBJC_LITERAL_CONVERSION = YES;
				CLANG_WARN_OBJC_ROOT_CLASS = YES_ERROR;
				CLANG_WARN_QUOTED_INCLUDE_IN_FRAMEWORK_HEADER = YES;
				CLANG_WARN_RANGE_LOOP_ANALYSIS = YES;
				CLANG_WARN_STRICT_PROTOTYPES = YES;
				CLANG_WARN_SUSPICIOUS_MOVE = YES;
				CLANG_WARN_UNGUARDED_AVAILABILITY = YES_AGGRESSIVE;
				CLANG_WARN_UNREACHABLE_CODE = YES;
				CLANG_WARN__DUPLICATE_METHOD_MATCH = YES;
				COPY_PHASE_STRIP = NO;
				DEBUG_INFORMATION_FORMAT = "dwarf-with-dsym";
				ENABLE_NS_ASSERTIONS = NO;
				ENABLE_STRICT_OBJC_MSGSEND = YES;
				GCC_C_LANGUAGE_STANDARD = gnu11;
				GCC_NO_COMMON_BLOCKS = YES;
				GCC_WARN_64_TO_32_BIT_CONVERSION = YES;
				GCC_WARN_ABOUT_RETURN_TYPE = YES_ERROR;
				GCC_WARN_UNDECLARED_SELECTOR = YES;
				GCC_WARN_UNINITIALIZED_AUTOS = YES_AGGRESSIVE;
				GCC_WARN_UNUSED_FUNCTION = YES;
				GCC_WARN_UNUSED_VARIABLE = YES;
				IPHONEOS_DEPLOYMENT_TARGET = 14.4;
				MTL_ENABLE_DEBUG_INFO = NO;
				MTL_FAST_MATH = YES;
				SDKROOT = iphoneos;
				SWIFT_COMPILATION_MODE = wholemodule;
				SWIFT_OPTIMIZATION_LEVEL = "-O";
				VALIDATE_PRODUCT = YES;
			};
			name = Release;
		};
		3F2C356F2613373C00D33973 /* Debug */ = {
			isa = XCBuildConfiguration;
			baseConfigurationReference = 018084775E5FC34AC71EEFEC /* Pods-smartnative.debug.xcconfig */;
			buildSettings = {
				ASSETCATALOG_COMPILER_APPICON_NAME = AppIcon;
				ASSETCATALOG_COMPILER_GLOBAL_ACCENT_COLOR_NAME = AccentColor;
				CODE_SIGN_STYLE = Automatic;
				DEVELOPMENT_TEAM = BBD2Y6826K;
				INFOPLIST_FILE = smartnative/Info.plist;
				LD_RUNPATH_SEARCH_PATHS = (
					"$(inherited)",
					"@executable_path/Frameworks",
				);
				PRODUCT_BUNDLE_IDENTIFIER = dossi4.smartnative;
				PRODUCT_NAME = "$(TARGET_NAME)";
				SWIFT_VERSION = 5.0;
				TARGETED_DEVICE_FAMILY = 1;
			};
			name = Debug;
		};
		3F2C35702613373C00D33973 /* Release */ = {
			isa = XCBuildConfiguration;
			baseConfigurationReference = D8A7676A930377A63631620E /* Pods-smartnative.release.xcconfig */;
			buildSettings = {
				ASSETCATALOG_COMPILER_APPICON_NAME = AppIcon;
				ASSETCATALOG_COMPILER_GLOBAL_ACCENT_COLOR_NAME = AccentColor;
				CODE_SIGN_STYLE = Automatic;
				DEVELOPMENT_TEAM = BBD2Y6826K;
				INFOPLIST_FILE = smartnative/Info.plist;
				LD_RUNPATH_SEARCH_PATHS = (
					"$(inherited)",
					"@executable_path/Frameworks",
				);
				PRODUCT_BUNDLE_IDENTIFIER = dossi4.smartnative;
				PRODUCT_NAME = "$(TARGET_NAME)";
				SWIFT_VERSION = 5.0;
				TARGETED_DEVICE_FAMILY = 1;
			};
			name = Release;
		};
/* End XCBuildConfiguration section */

/* Begin XCConfigurationList section */
		3F2C35552613373B00D33973 /* Build configuration list for PBXProject "smartnative" */ = {
			isa = XCConfigurationList;
			buildConfigurations = (
				3F2C356C2613373C00D33973 /* Debug */,
				3F2C356D2613373C00D33973 /* Release */,
			);
			defaultConfigurationIsVisible = 0;
			defaultConfigurationName = Release;
		};
		3F2C356E2613373C00D33973 /* Build configuration list for PBXNativeTarget "smartnative" */ = {
			isa = XCConfigurationList;
			buildConfigurations = (
				3F2C356F2613373C00D33973 /* Debug */,
				3F2C35702613373C00D33973 /* Release */,
			);
			defaultConfigurationIsVisible = 0;
			defaultConfigurationName = Release;
		};
/* End XCConfigurationList section */
	};
	rootObject = 3F2C35522613373B00D33973 /* Project object */;
}
